
Microsoft Visual Studio Solution File, Format Version 12.00
# Visual Studio Version 16
VisualStudioVersion = 16.0.30114.105
MinimumVisualStudioVersion = 10.0.40219.1
Project("{2150E333-8FDC-42A3-9474-1A3956D46DE8}") = "src", "src", "{8E6E0562-4693-4E52-84CB-E8908D2843CC}"
EndProject
Project("{F2A71F9B-5D33-465A-A702-920D77279786}") = "Fable.URLPattern", "src\Fable.URLPattern\Fable.URLPattern.fsproj", "{9DAAC218-CCA1-49D8-A5DF-7A47347E61E7}"
EndProject
Project("{F2A71F9B-5D33-465A-A702-920D77279786}") = "Fable.Bun", "src\Fable.Bun\Fable.Bun.fsproj", "{5387557E-4C49-4BE6-B428-956C6BBC8F18}"
EndProject
Project("{F2A71F9B-5D33-465A-A702-920D77279786}") = "Fable.Deno", "src\Fable.Deno\Fable.Deno.fsproj", "{5F30B677-88D9-488E-8C90-B2B835642EAC}"
EndProject
Project("{F2A71F9B-5D33-465A-A702-920D77279786}") = "Bix", "src\Bix\Bix.fsproj", "{F27118FF-7DF9-4FDE-94FD-1DEBD22B3C6C}"
EndProject
Project("{F2A71F9B-5D33-465A-A702-920D77279786}") = "Bix.Bun", "src\Bix.Bun\Bix.Bun.fsproj", "{B9BF26AF-9476-4A87-88D5-4E0B37795838}"
EndProject
Project("{F2A71F9B-5D33-465A-A702-920D77279786}") = "Bix.Deno", "src\Bix.Deno\Bix.Deno.fsproj", "{AB4248AC-D24E-4320-A6E5-0F5343C6CA05}"
EndProject
Project("{F2A71F9B-5D33-465A-A702-920D77279786}") = "Bix.Bun.Sample", "src\Bix.Bun.Sample\Bix.Bun.Sample.fsproj", "{5940FFA0-0D0A-461A-A489-8E3FD959A511}"
EndProject
Project("{F2A71F9B-5D33-465A-A702-920D77279786}") = "Bix.Deno.Sample", "src\Bix.Deno.Sample\Bix.Deno.Sample.fsproj", "{F053292E-55BF-47D8-B9BC-FC316099FE5F}"
EndProject
Global
	GlobalSection(SolutionConfigurationPlatforms) = preSolution
		Debug|Any CPU = Debug|Any CPU
		Release|Any CPU = Release|Any CPU
	EndGlobalSection
	GlobalSection(SolutionProperties) = preSolution
		HideSolutionNode = FALSE
	EndGlobalSection
	GlobalSection(ProjectConfigurationPlatforms) = postSolution
		{5387557E-4C49-4BE6-B428-956C6BBC8F18}.Debug|Any CPU.ActiveCfg = Debug|Any CPU
		{5387557E-4C49-4BE6-B428-956C6BBC8F18}.Debug|Any CPU.Build.0 = Debug|Any CPU
		{5387557E-4C49-4BE6-B428-956C6BBC8F18}.Release|Any CPU.ActiveCfg = Release|Any CPU
		{5387557E-4C49-4BE6-B428-956C6BBC8F18}.Release|Any CPU.Build.0 = Release|Any CPU
		{5940FFA0-0D0A-461A-A489-8E3FD959A511}.Debug|Any CPU.ActiveCfg = Debug|Any CPU
		{5940FFA0-0D0A-461A-A489-8E3FD959A511}.Debug|Any CPU.Build.0 = Debug|Any CPU
		{5940FFA0-0D0A-461A-A489-8E3FD959A511}.Release|Any CPU.ActiveCfg = Release|Any CPU
		{5940FFA0-0D0A-461A-A489-8E3FD959A511}.Release|Any CPU.Build.0 = Release|Any CPU
		{F27118FF-7DF9-4FDE-94FD-1DEBD22B3C6C}.Debug|Any CPU.ActiveCfg = Debug|Any CPU
		{F27118FF-7DF9-4FDE-94FD-1DEBD22B3C6C}.Debug|Any CPU.Build.0 = Debug|Any CPU
		{F27118FF-7DF9-4FDE-94FD-1DEBD22B3C6C}.Release|Any CPU.ActiveCfg = Release|Any CPU
		{F27118FF-7DF9-4FDE-94FD-1DEBD22B3C6C}.Release|Any CPU.Build.0 = Release|Any CPU
		{9DAAC218-CCA1-49D8-A5DF-7A47347E61E7}.Debug|Any CPU.ActiveCfg = Debug|Any CPU
		{9DAAC218-CCA1-49D8-A5DF-7A47347E61E7}.Debug|Any CPU.Build.0 = Debug|Any CPU
		{9DAAC218-CCA1-49D8-A5DF-7A47347E61E7}.Release|Any CPU.ActiveCfg = Release|Any CPU
		{9DAAC218-CCA1-49D8-A5DF-7A47347E61E7}.Release|Any CPU.Build.0 = Release|Any CPU
		{B9BF26AF-9476-4A87-88D5-4E0B37795838}.Debug|Any CPU.ActiveCfg = Debug|Any CPU
		{B9BF26AF-9476-4A87-88D5-4E0B37795838}.Debug|Any CPU.Build.0 = Debug|Any CPU
		{B9BF26AF-9476-4A87-88D5-4E0B37795838}.Release|Any CPU.ActiveCfg = Release|Any CPU
		{B9BF26AF-9476-4A87-88D5-4E0B37795838}.Release|Any CPU.Build.0 = Release|Any CPU
		{AB4248AC-D24E-4320-A6E5-0F5343C6CA05}.Debug|Any CPU.ActiveCfg = Debug|Any CPU
		{AB4248AC-D24E-4320-A6E5-0F5343C6CA05}.Debug|Any CPU.Build.0 = Debug|Any CPU
		{AB4248AC-D24E-4320-A6E5-0F5343C6CA05}.Release|Any CPU.ActiveCfg = Release|Any CPU
		{AB4248AC-D24E-4320-A6E5-0F5343C6CA05}.Release|Any CPU.Build.0 = Release|Any CPU
		{5F30B677-88D9-488E-8C90-B2B835642EAC}.Debug|Any CPU.ActiveCfg = Debug|Any CPU
		{5F30B677-88D9-488E-8C90-B2B835642EAC}.Debug|Any CPU.Build.0 = Debug|Any CPU
		{5F30B677-88D9-488E-8C90-B2B835642EAC}.Release|Any CPU.ActiveCfg = Release|Any CPU
		{5F30B677-88D9-488E-8C90-B2B835642EAC}.Release|Any CPU.Build.0 = Release|Any CPU
		{F053292E-55BF-47D8-B9BC-FC316099FE5F}.Debug|Any CPU.ActiveCfg = Debug|Any CPU
		{F053292E-55BF-47D8-B9BC-FC316099FE5F}.Debug|Any CPU.Build.0 = Debug|Any CPU
		{F053292E-55BF-47D8-B9BC-FC316099FE5F}.Release|Any CPU.ActiveCfg = Release|Any CPU
		{F053292E-55BF-47D8-B9BC-FC316099FE5F}.Release|Any CPU.Build.0 = Release|Any CPU
	EndGlobalSection
	GlobalSection(NestedProjects) = preSolution
		{5387557E-4C49-4BE6-B428-956C6BBC8F18} = {8E6E0562-4693-4E52-84CB-E8908D2843CC}
		{5940FFA0-0D0A-461A-A489-8E3FD959A511} = {8E6E0562-4693-4E52-84CB-E8908D2843CC}
		{F27118FF-7DF9-4FDE-94FD-1DEBD22B3C6C} = {8E6E0562-4693-4E52-84CB-E8908D2843CC}
		{9DAAC218-CCA1-49D8-A5DF-7A47347E61E7} = {8E6E0562-4693-4E52-84CB-E8908D2843CC}
		{B9BF26AF-9476-4A87-88D5-4E0B37795838} = {8E6E0562-4693-4E52-84CB-E8908D2843CC}
		{AB4248AC-D24E-4320-A6E5-0F5343C6CA05} = {8E6E0562-4693-4E52-84CB-E8908D2843CC}
		{5F30B677-88D9-488E-8C90-B2B835642EAC} = {8E6E0562-4693-4E52-84CB-E8908D2843CC}
		{F053292E-55BF-47D8-B9BC-FC316099FE5F} = {8E6E0562-4693-4E52-84CB-E8908D2843CC}
	EndGlobalSection
EndGlobal
